
Microsoft Visual Studio Solution File, Format Version 12.00
# Visual Studio Version 18
VisualStudioVersion = 18.4.11620.152 stable
MinimumVisualStudioVersion = 10.0.40219.1
Project("{FAE04EC0-301F-11D3-BF4B-00C04F79EFBC}") = "Toolbelts+", "Toolbelts+.csproj", "{5D4EE8F8-C36E-96E9-EC56-1136BA357A4E}"
EndProject
Global
	GlobalSection(SolutionConfigurationPlatforms) = preSolution
		Debug|Any CPU = Debug|Any CPU
		Release|Any CPU = Release|Any CPU
	EndGlobalSection
	GlobalSection(ProjectConfigurationPlatforms) = postSolution
		{5D4EE8F8-C36E-96E9-EC56-1136BA357A4E}.Debug|Any CPU.ActiveCfg = Debug|Any CPU
		{5D4EE8F8-C36E-96E9-EC56-1136BA357A4E}.Debug|Any CPU.Build.0 = Debug|Any CPU
		{5D4EE8F8-C36E-96E9-EC56-1136BA357A4E}.Release|Any CPU.ActiveCfg = Release|Any CPU
		{5D4EE8F8-C36E-96E9-EC56-1136BA357A4E}.Release|Any CPU.Build.0 = Release|Any CPU
	EndGlobalSection
	GlobalSection(SolutionProperties) = preSolution
		HideSolutionNode = FALSE
	EndGlobalSection
	GlobalSection(ExtensibilityGlobals) = postSolution
		SolutionGuid = {8A81A116-CBCC-47CD-910B-9E188CB74E1B}
	EndGlobalSection
EndGlobal
